// !$*UTF8*$!
{
	archiveVersion = 1;
	classes = {
	};
	objectVersion = 50;
	objects = {

/* Begin PBXBuildFile section */
		E1532EFB21F81323005F9C8A /* AppDelegate.m in Sources */ = {isa = PBXBuildFile; fileRef = E1532EFA21F81323005F9C8A /* AppDelegate.m */; };
		E1532EFE21F81323005F9C8A /* ViewController.m in Sources */ = {isa = PBXBuildFile; fileRef = E1532EFD21F81323005F9C8A /* ViewController.m */; };
		E1532F0121F81323005F9C8A /* Main.storyboard in Resources */ = {isa = PBXBuildFile; fileRef = E1532EFF21F81323005F9C8A /* Main.storyboard */; };
		E1532F0321F81328005F9C8A /* Assets.xcassets in Resources */ = {isa = PBXBuildFile; fileRef = E1532F0221F81328005F9C8A /* Assets.xcassets */; };
		E1532F0621F81328005F9C8A /* LaunchScreen.storyboard in Resources */ = {isa = PBXBuildFile; fileRef = E1532F0421F81328005F9C8A /* LaunchScreen.storyboard */; };
		E1532F0921F81328005F9C8A /* main.m in Sources */ = {isa = PBXBuildFile; fileRef = E1532F0821F81328005F9C8A /* main.m */; };
		E1532F1321F81328005F9C8A /* HZGradientTests.m in Sources */ = {isa = PBXBuildFile; fileRef = E1532F1221F81328005F9C8A /* HZGradientTests.m */; };
		E1532F1E21F81329005F9C8A /* HZGradientUITests.m in Sources */ = {isa = PBXBuildFile; fileRef = E1532F1D21F81329005F9C8A /* HZGradientUITests.m */; };
		E1532F2E21F81386005F9C8A /* UIView+HZGradient.m in Sources */ = {isa = PBXBuildFile; fileRef = E1532F2D21F81386005F9C8A /* UIView+HZGradient.m */; };
/* End PBXBuildFile section */

/* Begin PBXContainerItemProxy section */
		E1532F0F21F81328005F9C8A /* PBXContainerItemProxy */ = {
			isa = PBXContainerItemProxy;
			containerPortal = E1532EEE21F81323005F9C8A /* Project object */;
			proxyType = 1;
			remoteGlobalIDString = E1532EF521F81323005F9C8A;
			remoteInfo = HZGradient;
		};
		E1532F1A21F81329005F9C8A /* PBXContainerItemProxy */ = {
			isa = PBXContainerItemProxy;
			containerPortal = E1532EEE21F81323005F9C8A /* Project object */;
			proxyType = 1;
			remoteGlobalIDString = E1532EF521F81323005F9C8A;
			remoteInfo = HZGradient;
		};
/* End PBXContainerItemProxy section */

/* Begin PBXFileReference section */
		E1532EF621F81323005F9C8A /* HZGradient.app */ = {isa = PBXFileReference; explicitFileType = wrapper.application; includeInIndex = 0; path = HZGradient.app; sourceTree = BUILT_PRODUCTS_DIR; };
		E1532EF921F81323005F9C8A /* AppDelegate.h */ = {isa = PBXFileReference; lastKnownFileType = sourcecode.c.h; path = AppDelegate.h; sourceTree = "<group>"; };
		E1532EFA21F81323005F9C8A /* AppDelegate.m */ = {isa = PBXFileReference; lastKnownFileType = sourcecode.c.objc; path = AppDelegate.m; sourceTree = "<group>"; };
		E1532EFC21F81323005F9C8A /* ViewController.h */ = {isa = PBXFileReference; lastKnownFileType = sourcecode.c.h; path = ViewController.h; sourceTree = "<group>"; };
		E1532EFD21F81323005F9C8A /* ViewController.m */ = {isa = PBXFileReference; lastKnownFileType = sourcecode.c.objc; path = ViewController.m; sourceTree = "<group>"; };
		E1532F0021F81323005F9C8A /* Base */ = {isa = PBXFileReference; lastKnownFileType = file.storyboard; name = Base; path = Base.lproj/Main.storyboard; sourceTree = "<group>"; };
		E1532F0221F81328005F9C8A /* Assets.xcassets */ = {isa = PBXFileReference; lastKnownFileType = folder.assetcatalog; path = Assets.xcassets; sourceTree = "<group>"; };
		E1532F0521F81328005F9C8A /* Base */ = {isa = PBXFileReference; lastKnownFileType = file.storyboard; name = Base; path = Base.lproj/LaunchScreen.storyboard; sourceTree = "<group>"; };
		E1532F0721F81328005F9C8A /* Info.plist */ = {isa = PBXFileReference; lastKnownFileType = text.plist.xml; path = Info.plist; sourceTree = "<group>"; };
		E1532F0821F81328005F9C8A /* main.m */ = {isa = PBXFileReference; lastKnownFileType = sourcecode.c.objc; path = main.m; sourceTree = "<group>"; };
		E1532F0E21F81328005F9C8A /* HZGradientTests.xctest */ = {isa = PBXFileReference; explicitFileType = wrapper.cfbundle; includeInIndex = 0; path = HZGradientTests.xctest; sourceTree = BUILT_PRODUCTS_DIR; };
		E1532F1221F81328005F9C8A /* HZGradientTests.m */ = {isa = PBXFileReference; lastKnownFileType = sourcecode.c.objc; path = HZGradientTests.m; sourceTree = "<group>"; };
		E1532F1421F81328005F9C8A /* Info.plist */ = {isa = PBXFileReference; lastKnownFileType = text.plist.xml; path = Info.plist; sourceTree = "<group>"; };
		E1532F1921F81329005F9C8A /* HZGradientUITests.xctest */ = {isa = PBXFileReference; explicitFileType = wrapper.cfbundle; includeInIndex = 0; path = HZGradientUITests.xctest; sourceTree = BUILT_PRODUCTS_DIR; };
		E1532F1D21F81329005F9C8A /* HZGradientUITests.m */ = {isa = PBXFileReference; lastKnownFileType = sourcecode.c.objc; path = HZGradientUITests.m; sourceTree = "<group>"; };
		E1532F1F21F81329005F9C8A /* Info.plist */ = {isa = PBXFileReference; lastKnownFileType = text.plist.xml; path = Info.plist; sourceTree = "<group>"; };
		E1532F2C21F81386005F9C8A /* UIView+HZGradient.h */ = {isa = PBXFileReference; lastKnownFileType = sourcecode.c.h; path = "UIView+HZGradient.h"; sourceTree = "<group>"; };
		E1532F2D21F81386005F9C8A /* UIView+HZGradient.m */ = {isa = PBXFileReference; lastKnownFileType = sourcecode.c.objc; path = "UIView+HZGradient.m"; sourceTree = "<group>"; };
/* End PBXFileReference section */

/* Begin PBXFrameworksBuildPhase section */
		E1532EF321F81323005F9C8A /* Frameworks */ = {
			isa = PBXFrameworksBuildPhase;
			buildActionMask = 2147483647;
			files = (
			);
			runOnlyForDeploymentPostprocessing = 0;
		};
		E1532F0B21F81328005F9C8A /* Frameworks */ = {
			isa = PBXFrameworksBuildPhase;
			buildActionMask = 2147483647;
			files = (
			);
			runOnlyForDeploymentPostprocessing = 0;
		};
		E1532F1621F81329005F9C8A /* Frameworks */ = {
			isa = PBXFrameworksBuildPhase;
			buildActionMask = 2147483647;
			files = (
			);
			runOnlyForDeploymentPostprocessing = 0;
		};
/* End PBXFrameworksBuildPhase section */

/* Begin PBXGroup section */
		E1532EED21F81323005F9C8A = {
			isa = PBXGroup;
			children = (
				E1532EF821F81323005F9C8A /* HZGradient */,
				E1532F1121F81328005F9C8A /* HZGradientTests */,
				E1532F1C21F81329005F9C8A /* HZGradientUITests */,
				E1532EF721F81323005F9C8A /* Products */,
			);
			sourceTree = "<group>";
		};
		E1532EF721F81323005F9C8A /* Products */ = {
			isa = PBXGroup;
			children = (
				E1532EF621F81323005F9C8A /* HZGradient.app */,
				E1532F0E21F81328005F9C8A /* HZGradientTests.xctest */,
				E1532F1921F81329005F9C8A /* HZGradientUITests.xctest */,
			);
			name = Products;
			sourceTree = "<group>";
		};
		E1532EF821F81323005F9C8A /* HZGradient */ = {
			isa = PBXGroup;
			children = (
				E1532F2B21F8135B005F9C8A /* HZGradient */,
				E1532EF921F81323005F9C8A /* AppDelegate.h */,
				E1532EFA21F81323005F9C8A /* AppDelegate.m */,
				E1532EFC21F81323005F9C8A /* ViewController.h */,
				E1532EFD21F81323005F9C8A /* ViewController.m */,
				E1532EFF21F81323005F9C8A /* Main.storyboard */,
				E1532F0221F81328005F9C8A /* Assets.xcassets */,
				E1532F0421F81328005F9C8A /* LaunchScreen.storyboard */,
				E1532F0721F81328005F9C8A /* Info.plist */,
				E1532F0821F81328005F9C8A /* main.m */,
			);
			path = HZGradient;
			sourceTree = "<group>";
		};
		E1532F1121F81328005F9C8A /* HZGradientTests */ = {
			isa = PBXGroup;
			children = (
				E1532F1221F81328005F9C8A /* HZGradientTests.m */,
				E1532F1421F81328005F9C8A /* Info.plist */,
			);
			path = HZGradientTests;
			sourceTree = "<group>";
		};
		E1532F1C21F81329005F9C8A /* HZGradientUITests */ = {
			isa = PBXGroup;
			children = (
				E1532F1D21F81329005F9C8A /* HZGradientUITests.m */,
				E1532F1F21F81329005F9C8A /* Info.plist */,
			);
			path = HZGradientUITests;
			sourceTree = "<group>";
		};
		E1532F2B21F8135B005F9C8A /* HZGradient */ = {
			isa = PBXGroup;
			children = (
				E1532F2C21F81386005F9C8A /* UIView+HZGradient.h */,
				E1532F2D21F81386005F9C8A /* UIView+HZGradient.m */,
			);
			path = HZGradient;
			sourceTree = "<group>";
		};
/* End PBXGroup section */

/* Begin PBXNativeTarget section */
		E1532EF521F81323005F9C8A /* HZGradient */ = {
			isa = PBXNativeTarget;
			buildConfigurationList = E1532F2221F81329005F9C8A /* Build configuration list for PBXNativeTarget "HZGradient" */;
			buildPhases = (
				E1532EF221F81323005F9C8A /* Sources */,
				E1532EF321F81323005F9C8A /* Frameworks */,
				E1532EF421F81323005F9C8A /* Resources */,
			);
			buildRules = (
			);
			dependencies = (
			);
			name = HZGradient;
			productName = HZGradient;
			productReference = E1532EF621F81323005F9C8A /* HZGradient.app */;
			productType = "com.apple.product-type.application";
		};
		E1532F0D21F81328005F9C8A /* HZGradientTests */ = {
			isa = PBXNativeTarget;
			buildConfigurationList = E1532F2521F81329005F9C8A /* Build configuration list for PBXNativeTarget "HZGradientTests" */;
			buildPhases = (
				E1532F0A21F81328005F9C8A /* Sources */,
				E1532F0B21F81328005F9C8A /* Frameworks */,
				E1532F0C21F81328005F9C8A /* Resources */,
			);
			buildRules = (
			);
			dependencies = (
				E1532F1021F81328005F9C8A /* PBXTargetDependency */,
			);
			name = HZGradientTests;
			productName = HZGradientTests;
			productReference = E1532F0E21F81328005F9C8A /* HZGradientTests.xctest */;
			productType = "com.apple.product-type.bundle.unit-test";
		};
		E1532F1821F81329005F9C8A /* HZGradientUITests */ = {
			isa = PBXNativeTarget;
			buildConfigurationList = E1532F2821F81329005F9C8A /* Build configuration list for PBXNativeTarget "HZGradientUITests" */;
			buildPhases = (
				E1532F1521F81329005F9C8A /* Sources */,
				E1532F1621F81329005F9C8A /* Frameworks */,
				E1532F1721F81329005F9C8A /* Resources */,
			);
			buildRules = (
			);
			dependencies = (
				E1532F1B21F81329005F9C8A /* PBXTargetDependency */,
			);
			name = HZGradientUITests;
			productName = HZGradientUITests;
			productReference = E1532F1921F81329005F9C8A /* HZGradientUITests.xctest */;
			productType = "com.apple.product-type.bundle.ui-testing";
		};
/* End PBXNativeTarget section */

/* Begin PBXProject section */
		E1532EEE21F81323005F9C8A /* Project object */ = {
			isa = PBXProject;
			attributes = {
				LastUpgradeCheck = 1010;
				ORGANIZATIONNAME = "何泽的mac";
				TargetAttributes = {
					E1532EF521F81323005F9C8A = {
						CreatedOnToolsVersion = 10.1;
					};
					E1532F0D21F81328005F9C8A = {
						CreatedOnToolsVersion = 10.1;
						TestTargetID = E1532EF521F81323005F9C8A;
					};
					E1532F1821F81329005F9C8A = {
						CreatedOnToolsVersion = 10.1;
						TestTargetID = E1532EF521F81323005F9C8A;
					};
				};
			};
			buildConfigurationList = E1532EF121F81323005F9C8A /* Build configuration list for PBXProject "HZGradient" */;
			compatibilityVersion = "Xcode 9.3";
			developmentRegion = en;
			hasScannedForEncodings = 0;
			knownRegions = (
				en,
				Base,
			);
			mainGroup = E1532EED21F81323005F9C8A;
			productRefGroup = E1532EF721F81323005F9C8A /* Products */;
			projectDirPath = "";
			projectRoot = "";
			targets = (
				E1532EF521F81323005F9C8A /* HZGradient */,
				E1532F0D21F81328005F9C8A /* HZGradientTests */,
				E1532F1821F81329005F9C8A /* HZGradientUITests */,
			);
		};
/* End PBXProject section */

/* Begin PBXResourcesBuildPhase section */
		E1532EF421F81323005F9C8A /* Resources */ = {
			isa = PBXResourcesBuildPhase;
			buildActionMask = 2147483647;
			files = (
				E1532F0621F81328005F9C8A /* LaunchScreen.storyboard in Resources */,
				E1532F0321F81328005F9C8A /* Assets.xcassets in Resources */,
				E1532F0121F81323005F9C8A /* Main.storyboard in Resources */,
			);
			runOnlyForDeploymentPostprocessing = 0;
		};
		E1532F0C21F81328005F9C8A /* Resources */ = {
			isa = PBXResourcesBuildPhase;
			buildActionMask = 2147483647;
			files = (
			);
			runOnlyForDeploymentPostprocessing = 0;
		};
		E1532F1721F81329005F9C8A /* Resources */ = {
			isa = PBXResourcesBuildPhase;
			buildActionMask = 2147483647;
			files = (
			);
			runOnlyForDeploymentPostprocessing = 0;
		};
/* End PBXResourcesBuildPhase section */

/* Begin PBXSourcesBuildPhase section */
		E1532EF221F81323005F9C8A /* Sources */ = {
			isa = PBXSourcesBuildPhase;
			buildActionMask = 2147483647;
			files = (
				E1532EFE21F81323005F9C8A /* ViewController.m in Sources */,
				E1532F0921F81328005F9C8A /* main.m in Sources */,
				E1532F2E21F81386005F9C8A /* UIView+HZGradient.m in Sources */,
				E1532EFB21F81323005F9C8A /* AppDelegate.m in Sources */,
			);
			runOnlyForDeploymentPostprocessing = 0;
		};
		E1532F0A21F81328005F9C8A /* Sources */ = {
			isa = PBXSourcesBuildPhase;
			buildActionMask = 2147483647;
			files = (
				E1532F1321F81328005F9C8A /* HZGradientTests.m in Sources */,
			);
			runOnlyForDeploymentPostprocessing = 0;
		};
		E1532F1521F81329005F9C8A /* Sources */ = {
			isa = PBXSourcesBuildPhase;
			buildActionMask = 2147483647;
			files = (
				E1532F1E21F81329005F9C8A /* HZGradientUITests.m in Sources */,
			);
			runOnlyForDeploymentPostprocessing = 0;
		};
/* End PBXSourcesBuildPhase section */

/* Begin PBXTargetDependency section */
		E1532F1021F81328005F9C8A /* PBXTargetDependency */ = {
			isa = PBXTargetDependency;
			target = E1532EF521F81323005F9C8A /* HZGradient */;
			targetProxy = E1532F0F21F81328005F9C8A /* PBXContainerItemProxy */;
		};
		E1532F1B21F81329005F9C8A /* PBXTargetDependency */ = {
			isa = PBXTargetDependency;
			target = E1532EF521F81323005F9C8A /* HZGradient */;
			targetProxy = E1532F1A21F81329005F9C8A /* PBXContainerItemProxy */;
		};
/* End PBXTargetDependency section */

/* Begin PBXVariantGroup section */
		E1532EFF21F81323005F9C8A /* Main.storyboard */ = {
			isa = PBXVariantGroup;
			children = (
				E1532F0021F81323005F9C8A /* Base */,
			);
			name = Main.storyboard;
			sourceTree = "<group>";
		};
		E1532F0421F81328005F9C8A /* LaunchScreen.storyboard */ = {
			isa = PBXVariantGroup;
			children = (
				E1532F0521F81328005F9C8A /* Base */,
			);
			name = LaunchScreen.storyboard;
			sourceTree = "<group>";
		};
/* End PBXVariantGroup section */

/* Begin XCBuildConfiguration section */
		E1532F2021F81329005F9C8A /* Debug */ = {
			isa = XCBuildConfiguration;
			buildSettings = {
				ALWAYS_SEARCH_USER_PATHS = NO;
				CLANG_ANALYZER_NONNULL = YES;
				CLANG_ANALYZER_NUMBER_OBJECT_CONVERSION = YES_AGGRESSIVE;
				CLANG_CXX_LANGUAGE_STANDARD = "gnu++14";
				CLANG_CXX_LIBRARY = "libc++";
				CLANG_ENABLE_MODULES = YES;
				CLANG_ENABLE_OBJC_ARC = YES;
				CLANG_ENABLE_OBJC_WEAK = YES;
				CLANG_WARN_BLOCK_CAPTURE_AUTORELEASING = YES;
				CLANG_WARN_BOOL_CONVERSION = YES;
				CLANG_WARN_COMMA = YES;
				CLANG_WARN_CONSTANT_CONVERSION = YES;
				CLANG_WARN_DEPRECATED_OBJC_IMPLEMENTATIONS = YES;
				CLANG_WARN_DIRECT_OBJC_ISA_USAGE = YES_ERROR;
				CLANG_WARN_DOCUMENTATION_COMMENTS = YES;
				CLANG_WARN_EMPTY_BODY = YES;
				CLANG_WARN_ENUM_CONVERSION = YES;
				CLANG_WARN_INFINITE_RECURSION = YES;
				CLANG_WARN_INT_CONVERSION = YES;
				CLANG_WARN_NON_LITERAL_NULL_CONVERSION = YES;
				CLANG_WARN_OBJC_IMPLICIT_RETAIN_SELF = YES;
				CLANG_WARN_OBJC_LITERAL_CONVERSION = YES;
				CLANG_WARN_OBJC_ROOT_CLASS = YES_ERROR;
				CLANG_WARN_RANGE_LOOP_ANALYSIS = YES;
				CLANG_WARN_STRICT_PROTOTYPES = YES;
				CLANG_WARN_SUSPICIOUS_MOVE = YES;
				CLANG_WARN_UNGUARDED_AVAILABILITY = YES_AGGRESSIVE;
				CLANG_WARN_UNREACHABLE_CODE = YES;
				CLANG_WARN__DUPLICATE_METHOD_MATCH = YES;
				CODE_SIGN_IDENTITY = "iPhone Developer";
				COPY_PHASE_STRIP = NO;
				DEBUG_INFORMATION_FORMAT = dwarf;
				ENABLE_STRICT_OBJC_MSGSEND = YES;
				ENABLE_TESTABILITY = YES;
				GCC_C_LANGUAGE_STANDARD = gnu11;
				GCC_DYNAMIC_NO_PIC = NO;
				GCC_NO_COMMON_BLOCKS = YES;
				GCC_OPTIMIZATION_LEVEL = 0;
				GCC_PREPROCESSOR_DEFINITIONS = (
					"DEBUG=1",
					"$(inherited)",
				);
				GCC_WARN_64_TO_32_BIT_CONVERSION = YES;
				GCC_WARN_ABOUT_RETURN_TYPE = YES_ERROR;
				GCC_WARN_UNDECLARED_SELECTOR = YES;
				GCC_WARN_UNINITIALIZED_AUTOS = YES_AGGRESSIVE;
				GCC_WARN_UNUSED_FUNCTION = YES;
				GCC_WARN_UNUSED_VARIABLE = YES;
				IPHONEOS_DEPLOYMENT_TARGET = 12.1;
				MTL_ENABLE_DEBUG_INFO = INCLUDE_SOURCE;
				MTL_FAST_MATH = YES;
				ONLY_ACTIVE_ARCH = YES;
				SDKROOT = iphoneos;
			};
			name = Debug;
		};
		E1532F2121F81329005F9C8A /* Release */ = {
			isa = XCBuildConfiguration;
			buildSettings = {
				ALWAYS_SEARCH_USER_PATHS = NO;
				CLANG_ANALYZER_NONNULL = YES;
				CLANG_ANALYZER_NUMBER_OBJECT_CONVERSION = YES_AGGRESSIVE;
				CLANG_CXX_LANGUAGE_STANDARD = "gnu++14";
				CLANG_CXX_LIBRARY = "libc++";
				CLANG_ENABLE_MODULES = YES;
				CLANG_ENABLE_OBJC_ARC = YES;
				CLANG_ENABLE_OBJC_WEAK = YES;
				CLANG_WARN_BLOCK_CAPTURE_AUTORELEASING = YES;
				CLANG_WARN_BOOL_CONVERSION = YES;
				CLANG_WARN_COMMA = YES;
				CLANG_WARN_CONSTANT_CONVERSION = YES;
				CLANG_WARN_DEPRECATED_OBJC_IMPLEMENTATIONS = YES;
				CLANG_WARN_DIRECT_OBJC_ISA_USAGE = YES_ERROR;
				CLANG_WARN_DOCUMENTATION_COMMENTS = YES;
				CLANG_WARN_EMPTY_BODY = YES;
				CLANG_WARN_ENUM_CONVERSION = YES;
				CLANG_WARN_INFINITE_RECURSION = YES;
				CLANG_WARN_INT_CONVERSION = YES;
				CLANG_WARN_NON_LITERAL_NULL_CONVERSION = YES;
				CLANG_WARN_OBJC_IMPLICIT_RETAIN_SELF = YES;
				CLANG_WARN_OBJC_LITERAL_CONVERSION = YES;
				CLANG_WARN_OBJC_ROOT_CLASS = YES_ERROR;
				CLANG_WARN_RANGE_LOOP_ANALYSIS = YES;
				CLANG_WARN_STRICT_PROTOTYPES = YES;
				CLANG_WARN_SUSPICIOUS_MOVE = YES;
				CLANG_WARN_UNGUARDED_AVAILABILITY = YES_AGGRESSIVE;
				CLANG_WARN_UNREACHABLE_CODE = YES;
				CLANG_WARN__DUPLICATE_METHOD_MATCH = YES;
				CODE_SIGN_IDENTITY = "iPhone Developer";
				COPY_PHASE_STRIP = NO;
				DEBUG_INFORMATION_FORMAT = "dwarf-with-dsym";
				ENABLE_NS_ASSERTIONS = NO;
				ENABLE_STRICT_OBJC_MSGSEND = YES;
				GCC_C_LANGUAGE_STANDARD = gnu11;
				GCC_NO_COMMON_BLOCKS = YES;
				GCC_WARN_64_TO_32_BIT_CONVERSION = YES;
				GCC_WARN_ABOUT_RETURN_TYPE = YES_ERROR;
				GCC_WARN_UNDECLARED_SELECTOR = YES;
				GCC_WARN_UNINITIALIZED_AUTOS = YES_AGGRESSIVE;
				GCC_WARN_UNUSED_FUNCTION = YES;
				GCC_WARN_UNUSED_VARIABLE = YES;
				IPHONEOS_DEPLOYMENT_TARGET = 12.1;
				MTL_ENABLE_DEBUG_INFO = NO;
				MTL_FAST_MATH = YES;
				SDKROOT = iphoneos;
				VALIDATE_PRODUCT = YES;
			};
			name = Release;
		};
		E1532F2321F81329005F9C8A /* Debug */ = {
			isa = XCBuildConfiguration;
			buildSettings = {
				ASSETCATALOG_COMPILER_APPICON_NAME = AppIcon;
				CODE_SIGN_STYLE = Automatic;
				DEVELOPMENT_TEAM = 6B3539P8YN;
				INFOPLIST_FILE = HZGradient/Info.plist;
				IPHONEOS_DEPLOYMENT_TARGET = 9.0;
				LD_RUNPATH_SEARCH_PATHS = (
					"$(inherited)",
					"@executable_path/Frameworks",
				);
				PRODUCT_BUNDLE_IDENTIFIER = com.cheanda.carmonitorv1.HZGradient;
				PRODUCT_NAME = "$(TARGET_NAME)";
				TARGETED_DEVICE_FAMILY = "1,2";
			};
			name = Debug;
		};
		E1532F2421F81329005F9C8A /* Release */ = {
			isa = XCBuildConfiguration;
			buildSettings = {
				ASSETCATALOG_COMPILER_APPICON_NAME = AppIcon;
				CODE_SIGN_STYLE = Automatic;
				DEVELOPMENT_TEAM = 6B3539P8YN;
				INFOPLIST_FILE = HZGradient/Info.plist;
				IPHONEOS_DEPLOYMENT_TARGET = 9.0;
				LD_RUNPATH_SEARCH_PATHS = (
					"$(inherited)",
					"@executable_path/Frameworks",
				);
				PRODUCT_BUNDLE_IDENTIFIER = com.cheanda.carmonitorv1.HZGradient;
				PRODUCT_NAME = "$(TARGET_NAME)";
				TARGETED_DEVICE_FAMILY = "1,2";
			};
			name = Release;
		};
		E1532F2621F81329005F9C8A /* Debug */ = {
			isa = XCBuildConfiguration;
			buildSettings = {
				BUNDLE_LOADER = "$(TEST_HOST)";
				CODE_SIGN_STYLE = Automatic;
				DEVELOPMENT_TEAM = 6B3539P8YN;
				INFOPLIST_FILE = HZGradientTests/Info.plist;
				LD_RUNPATH_SEARCH_PATHS = (
					"$(inherited)",
					"@executable_path/Frameworks",
					"@loader_path/Frameworks",
				);
				PRODUCT_BUNDLE_IDENTIFIER = com.cheanda.carmonitorv1.HZGradientTests;
				PRODUCT_NAME = "$(TARGET_NAME)";
				TARGETED_DEVICE_FAMILY = "1,2";
				TEST_HOST = "$(BUILT_PRODUCTS_DIR)/HZGradient.app/HZGradient";
			};
			name = Debug;
		};
		E1532F2721F81329005F9C8A /* Release */ = {
			isa = XCBuildConfiguration;
			buildSettings = {
				BUNDLE_LOADER = "$(TEST_HOST)";
				CODE_SIGN_STYLE = Automatic;
				DEVELOPMENT_TEAM = 6B3539P8YN;
				INFOPLIST_FILE = HZGradientTests/Info.plist;
				LD_RUNPATH_SEARCH_PATHS = (
					"$(inherited)",
					"@executable_path/Frameworks",
					"@loader_path/Frameworks",
				);
				PRODUCT_BUNDLE_IDENTIFIER = com.cheanda.carmonitorv1.HZGradientTests;
				PRODUCT_NAME = "$(TARGET_NAME)";
				TARGETED_DEVICE_FAMILY = "1,2";
				TEST_HOST = "$(BUILT_PRODUCTS_DIR)/HZGradient.app/HZGradient";
			};
			name = Release;
		};
		E1532F2921F81329005F9C8A /* Debug */ = {
			isa = XCBuildConfiguration;
			buildSettings = {
				CODE_SIGN_STYLE = Automatic;
				DEVELOPMENT_TEAM = 6B3539P8YN;
				INFOPLIST_FILE = HZGradientUITests/Info.plist;
				LD_RUNPATH_SEARCH_PATHS = (
					"$(inherited)",
					"@executable_path/Frameworks",
					"@loader_path/Frameworks",
				);
				PRODUCT_BUNDLE_IDENTIFIER = com.cheanda.carmonitorv1.HZGradientUITests;
				PRODUCT_NAME = "$(TARGET_NAME)";
				TARGETED_DEVICE_FAMILY = "1,2";
				TEST_TARGET_NAME = HZGradient;
			};
			name = Debug;
		};
		E1532F2A21F81329005F9C8A /* Release */ = {
			isa = XCBuildConfiguration;
			buildSettings = {
				CODE_SIGN_STYLE = Automatic;
				DEVELOPMENT_TEAM = 6B3539P8YN;
				INFOPLIST_FILE = HZGradientUITests/Info.plist;
				LD_RUNPATH_SEARCH_PATHS = (
					"$(inherited)",
					"@executable_path/Frameworks",
					"@loader_path/Frameworks",
				);
				PRODUCT_BUNDLE_IDENTIFIER = com.cheanda.carmonitorv1.HZGradientUITests;
				PRODUCT_NAME = "$(TARGET_NAME)";
				TARGETED_DEVICE_FAMILY = "1,2";
				TEST_TARGET_NAME = HZGradient;
			};
			name = Release;
		};
/* End XCBuildConfiguration section */

/* Begin XCConfigurationList section */
		E1532EF121F81323005F9C8A /* Build configuration list for PBXProject "HZGradient" */ = {
			isa = XCConfigurationList;
			buildConfigurations = (
				E1532F2021F81329005F9C8A /* Debug */,
				E1532F2121F81329005F9C8A /* Release */,
			);
			defaultConfigurationIsVisible = 0;
			defaultConfigurationName = Release;
		};
		E1532F2221F81329005F9C8A /* Build configuration list for PBXNativeTarget "HZGradient" */ = {
			isa = XCConfigurationList;
			buildConfigurations = (
				E1532F2321F81329005F9C8A /* Debug */,
				E1532F2421F81329005F9C8A /* Release */,
			);
			defaultConfigurationIsVisible = 0;
			defaultConfigurationName = Release;
		};
		E1532F2521F81329005F9C8A /* Build configuration list for PBXNativeTarget "HZGradientTests" */ = {
			isa = XCConfigurationList;
			buildConfigurations = (
				E1532F2621F81329005F9C8A /* Debug */,
				E1532F2721F81329005F9C8A /* Release */,
			);
			defaultConfigurationIsVisible = 0;
			defaultConfigurationName = Release;
		};
		E1532F2821F81329005F9C8A /* Build configuration list for PBXNativeTarget "HZGradientUITests" */ = {
			isa = XCConfigurationList;
			buildConfigurations = (
				E1532F2921F81329005F9C8A /* Debug */,
				E1532F2A21F81329005F9C8A /* Release */,
			);
			defaultConfigurationIsVisible = 0;
			defaultConfigurationName = Release;
		};
/* End XCConfigurationList section */
	};
	rootObject = E1532EEE21F81323005F9C8A /* Project object */;
}
